
Microsoft Visual Studio Solution File, Format Version 12.00
# Visual Studio Version 17
VisualStudioVersion = 17.10.35013.160
MinimumVisualStudioVersion = 10.0.40219.1
Project("{FAE04EC0-301F-11D3-BF4B-00C04F79EFBC}") = "LoginTest", "LoginTest.csproj", "{8BDF906D-F803-4BA8-9744-2E3BD1A73B2B}"
EndProject
Global
	GlobalSection(SolutionConfigurationPlatforms) = preSolution
		Debug|Any CPU = Debug|Any CPU
		Release|Any CPU = Release|Any CPU
	EndGlobalSection
	GlobalSection(ProjectConfigurationPlatforms) = postSolution
		{8BDF906D-F803-4BA8-9744-2E3BD1A73B2B}.Debug|Any CPU.ActiveCfg = Debug|Any CPU
		{8BDF906D-F803-4BA8-9744-2E3BD1A73B2B}.Debug|Any CPU.Build.0 = Debug|Any CPU
		{8BDF906D-F803-4BA8-9744-2E3BD1A73B2B}.Release|Any CPU.ActiveCfg = Release|Any CPU
		{8BDF906D-F803-4BA8-9744-2E3BD1A73B2B}.Release|Any CPU.Build.0 = Release|Any CPU
	EndGlobalSection
	GlobalSection(SolutionProperties) = preSolution
		HideSolutionNode = FALSE
	EndGlobalSection
	GlobalSection(ExtensibilityGlobals) = postSolution
		SolutionGuid = {227A4C0B-77E3-464E-B8DB-207D8061732E}
	EndGlobalSection
EndGlobal
