
Microsoft Visual Studio Solution File, Format Version 12.00
# Visual Studio Version 17
VisualStudioVersion = 17.10.35013.160
MinimumVisualStudioVersion = 10.0.40219.1
Project("{FAE04EC0-301F-11D3-BF4B-00C04F79EFBC}") = "image_test", "image_test.csproj", "{76C48447-841D-43DD-B57E-76B7DF8FB146}"
EndProject
Global
	GlobalSection(SolutionConfigurationPlatforms) = preSolution
		Debug|Any CPU = Debug|Any CPU
		Release|Any CPU = Release|Any CPU
	EndGlobalSection
	GlobalSection(ProjectConfigurationPlatforms) = postSolution
		{76C48447-841D-43DD-B57E-76B7DF8FB146}.Debug|Any CPU.ActiveCfg = Debug|Any CPU
		{76C48447-841D-43DD-B57E-76B7DF8FB146}.Debug|Any CPU.Build.0 = Debug|Any CPU
		{76C48447-841D-43DD-B57E-76B7DF8FB146}.Release|Any CPU.ActiveCfg = Release|Any CPU
		{76C48447-841D-43DD-B57E-76B7DF8FB146}.Release|Any CPU.Build.0 = Release|Any CPU
	EndGlobalSection
	GlobalSection(SolutionProperties) = preSolution
		HideSolutionNode = FALSE
	EndGlobalSection
	GlobalSection(ExtensibilityGlobals) = postSolution
		SolutionGuid = {51BB965A-C0CF-4263-80C1-915649977BB9}
	EndGlobalSection
EndGlobal
